<Solution>
  <Folder Name="/src/">
    <Project Path="src/HrDashboard.Agents/HrDashboard.Agents.csproj" />
    <Project Path="src/HrDashboard.Infrastructure/HrDashboard.Infrastructure.csproj" />
    <Project Path="src/HrDashboard.McpServer/HrDashboard.McpServer.csproj" />
    <Project Path="src/HrDashboard.Web/HrDashboard.Web.csproj" />
  </Folder>
  <Folder Name="/tests/">
    <Project Path="tests/HrDashboard.McpServer.Tests/HrDashboard.McpServer.Tests.csproj" />
    <Project Path="tests/HrDashboard.Agents.Tests/HrDashboard.Agents.Tests.csproj" />
    <Project Path="tests/HrDashboard.Infrastructure.Tests/HrDashboard.Infrastructure.Tests.csproj" />
  </Folder>
</Solution>
